
Microsoft Visual Studio Solution File, Format Version 12.00
# Visual Studio Version 16
VisualStudioVersion = 16.0.33130.400
MinimumVisualStudioVersion = 10.0.40219.1
Project("{8BC9CEB8-8B4A-11D0-8D11-00A0C91BC942}") = "3.10 FUNCTION ASSESMENT", "3.10 FUNCTION ASSESMENT\3.10 FUNCTION ASSESMENT.vcxproj", "{4814843C-8CE6-4D30-9AC5-4741B70B9394}"
EndProject
Global
	GlobalSection(SolutionConfigurationPlatforms) = preSolution
		Debug|x64 = Debug|x64
		Debug|x86 = Debug|x86
		Release|x64 = Release|x64
		Release|x86 = Release|x86
	EndGlobalSection
	GlobalSection(ProjectConfigurationPlatforms) = postSolution
		{4814843C-8CE6-4D30-9AC5-4741B70B9394}.Debug|x64.ActiveCfg = Debug|x64
		{4814843C-8CE6-4D30-9AC5-4741B70B9394}.Debug|x64.Build.0 = Debug|x64
		{4814843C-8CE6-4D30-9AC5-4741B70B9394}.Debug|x86.ActiveCfg = Debug|Win32
		{4814843C-8CE6-4D30-9AC5-4741B70B9394}.Debug|x86.Build.0 = Debug|Win32
		{4814843C-8CE6-4D30-9AC5-4741B70B9394}.Release|x64.ActiveCfg = Release|x64
		{4814843C-8CE6-4D30-9AC5-4741B70B9394}.Release|x64.Build.0 = Release|x64
		{4814843C-8CE6-4D30-9AC5-4741B70B9394}.Release|x86.ActiveCfg = Release|Win32
		{4814843C-8CE6-4D30-9AC5-4741B70B9394}.Release|x86.Build.0 = Release|Win32
	EndGlobalSection
	GlobalSection(SolutionProperties) = preSolution
		HideSolutionNode = FALSE
	EndGlobalSection
	GlobalSection(ExtensibilityGlobals) = postSolution
		SolutionGuid = {4613D3B3-C5EC-4811-B784-AB70600A48AE}
	EndGlobalSection
EndGlobal
